
Microsoft Visual Studio Solution File, Format Version 12.00
# Visual Studio 15
VisualStudioVersion = 15.0.28307.572
MinimumVisualStudioVersion = 10.0.40219.1
Project("{FAE04EC0-301F-11D3-BF4B-00C04F79EFBC}") = "200294220F", "200294220F\200294220F.csproj", "{A38E8466-5494-4ABE-B752-51E79AFF794E}"
EndProject
Project("{FAE04EC0-301F-11D3-BF4B-00C04F79EFBC}") = "200294220F.Tests", "200294220F.Tests\200294220F.Tests.csproj", "{32E37DE9-1E80-442F-8E3E-523E9A94F40C}"
EndProject
Global
	GlobalSection(SolutionConfigurationPlatforms) = preSolution
		Debug|Any CPU = Debug|Any CPU
		Release|Any CPU = Release|Any CPU
	EndGlobalSection
	GlobalSection(ProjectConfigurationPlatforms) = postSolution
		{A38E8466-5494-4ABE-B752-51E79AFF794E}.Debug|Any CPU.ActiveCfg = Debug|Any CPU
		{A38E8466-5494-4ABE-B752-51E79AFF794E}.Debug|Any CPU.Build.0 = Debug|Any CPU
		{A38E8466-5494-4ABE-B752-51E79AFF794E}.Release|Any CPU.ActiveCfg = Release|Any CPU
		{A38E8466-5494-4ABE-B752-51E79AFF794E}.Release|Any CPU.Build.0 = Release|Any CPU
		{32E37DE9-1E80-442F-8E3E-523E9A94F40C}.Debug|Any CPU.ActiveCfg = Debug|Any CPU
		{32E37DE9-1E80-442F-8E3E-523E9A94F40C}.Debug|Any CPU.Build.0 = Debug|Any CPU
		{32E37DE9-1E80-442F-8E3E-523E9A94F40C}.Release|Any CPU.ActiveCfg = Release|Any CPU
		{32E37DE9-1E80-442F-8E3E-523E9A94F40C}.Release|Any CPU.Build.0 = Release|Any CPU
	EndGlobalSection
	GlobalSection(SolutionProperties) = preSolution
		HideSolutionNode = FALSE
	EndGlobalSection
	GlobalSection(ExtensibilityGlobals) = postSolution
		SolutionGuid = {F54EA50C-75F1-440D-871D-5546847315B5}
	EndGlobalSection
EndGlobal
